
Microsoft Visual Studio Solution File, Format Version 12.00
# Visual Studio Version 17
VisualStudioVersion = 17.4.33122.133
MinimumVisualStudioVersion = 10.0.40219.1
Project("{FAE04EC0-301F-11D3-BF4B-00C04F79EFBC}") = "Task05.04.23", "Task05.04.23\Task05.04.23.csproj", "{4C481D5F-0BC4-4F3C-9CA9-C58C2A64DB57}"
EndProject
Global
	GlobalSection(SolutionConfigurationPlatforms) = preSolution
		Debug|Any CPU = Debug|Any CPU
		Release|Any CPU = Release|Any CPU
	EndGlobalSection
	GlobalSection(ProjectConfigurationPlatforms) = postSolution
		{4C481D5F-0BC4-4F3C-9CA9-C58C2A64DB57}.Debug|Any CPU.ActiveCfg = Debug|Any CPU
		{4C481D5F-0BC4-4F3C-9CA9-C58C2A64DB57}.Debug|Any CPU.Build.0 = Debug|Any CPU
		{4C481D5F-0BC4-4F3C-9CA9-C58C2A64DB57}.Release|Any CPU.ActiveCfg = Release|Any CPU
		{4C481D5F-0BC4-4F3C-9CA9-C58C2A64DB57}.Release|Any CPU.Build.0 = Release|Any CPU
	EndGlobalSection
	GlobalSection(SolutionProperties) = preSolution
		HideSolutionNode = FALSE
	EndGlobalSection
	GlobalSection(ExtensibilityGlobals) = postSolution
		SolutionGuid = {43F5264A-D354-4831-B48A-E793FDD605D7}
	EndGlobalSection
EndGlobal
